{
  "requires": true,
  "lockfileVersion": 1,
  "dependencies": {
    "jquery-captcha": {
      "version": "2.2.0",
      "resolved": "https://registry.npmjs.org/jquery-captcha/-/jquery-captcha-2.2.0.tgz",
      "integrity": "sha512-y4YENXE41orr0gQkYDLuIX8DBkDY2YWTu0deEjuefLGI0VQE81MtJn7JC3vUk1en9Q5O7Ux7zQa1IhMKCZciJA=="
    }
  }
}
